
Microsoft Visual Studio Solution File, Format Version 12.00
# Visual Studio Version 17
VisualStudioVersion = 17.8.34525.116
MinimumVisualStudioVersion = 10.0.40219.1
Project("{FAE04EC0-301F-11D3-BF4B-00C04F79EFBC}") = "3TierArchitecture_demo_asp_net_core", "3TierArchitecture_demo_asp_net_core\3TierArchitecture_demo_asp_net_core.csproj", "{EF8C60B2-A867-45EA-B5F6-3CFE40D3DC4D}"
EndProject
Project("{FAE04EC0-301F-11D3-BF4B-00C04F79EFBC}") = "BAL", "BAL\BAL.csproj", "{9AD456C2-9C68-4971-83C0-FDBC4113A221}"
EndProject
Project("{FAE04EC0-301F-11D3-BF4B-00C04F79EFBC}") = "DAL", "DAL\DAL.csproj", "{BE20B029-4955-42FF-A5BD-87838DBC0DC5}"
EndProject
Global
	GlobalSection(SolutionConfigurationPlatforms) = preSolution
		Debug|Any CPU = Debug|Any CPU
		Release|Any CPU = Release|Any CPU
	EndGlobalSection
	GlobalSection(ProjectConfigurationPlatforms) = postSolution
		{EF8C60B2-A867-45EA-B5F6-3CFE40D3DC4D}.Debug|Any CPU.ActiveCfg = Debug|Any CPU
		{EF8C60B2-A867-45EA-B5F6-3CFE40D3DC4D}.Debug|Any CPU.Build.0 = Debug|Any CPU
		{EF8C60B2-A867-45EA-B5F6-3CFE40D3DC4D}.Release|Any CPU.ActiveCfg = Release|Any CPU
		{EF8C60B2-A867-45EA-B5F6-3CFE40D3DC4D}.Release|Any CPU.Build.0 = Release|Any CPU
		{9AD456C2-9C68-4971-83C0-FDBC4113A221}.Debug|Any CPU.ActiveCfg = Debug|Any CPU
		{9AD456C2-9C68-4971-83C0-FDBC4113A221}.Debug|Any CPU.Build.0 = Debug|Any CPU
		{9AD456C2-9C68-4971-83C0-FDBC4113A221}.Release|Any CPU.ActiveCfg = Release|Any CPU
		{9AD456C2-9C68-4971-83C0-FDBC4113A221}.Release|Any CPU.Build.0 = Release|Any CPU
		{BE20B029-4955-42FF-A5BD-87838DBC0DC5}.Debug|Any CPU.ActiveCfg = Debug|Any CPU
		{BE20B029-4955-42FF-A5BD-87838DBC0DC5}.Debug|Any CPU.Build.0 = Debug|Any CPU
		{BE20B029-4955-42FF-A5BD-87838DBC0DC5}.Release|Any CPU.ActiveCfg = Release|Any CPU
		{BE20B029-4955-42FF-A5BD-87838DBC0DC5}.Release|Any CPU.Build.0 = Release|Any CPU
	EndGlobalSection
	GlobalSection(SolutionProperties) = preSolution
		HideSolutionNode = FALSE
	EndGlobalSection
	GlobalSection(ExtensibilityGlobals) = postSolution
		SolutionGuid = {128F262C-0B5A-423E-8C91-3F1A74E9B12A}
	EndGlobalSection
EndGlobal
