
Microsoft Visual Studio Solution File, Format Version 12.00
# Visual Studio Version 17
VisualStudioVersion = 17.8.34525.116
MinimumVisualStudioVersion = 10.0.40219.1
Project("{FAE04EC0-301F-11D3-BF4B-00C04F79EFBC}") = "Vidly", "Vidly\Vidly.csproj", "{580136B4-A202-470C-86D3-F8F4FB0DD5BC}"
EndProject
Global
	GlobalSection(SolutionConfigurationPlatforms) = preSolution
		Debug|Any CPU = Debug|Any CPU
		Release|Any CPU = Release|Any CPU
	EndGlobalSection
	GlobalSection(ProjectConfigurationPlatforms) = postSolution
		{580136B4-A202-470C-86D3-F8F4FB0DD5BC}.Debug|Any CPU.ActiveCfg = Debug|Any CPU
		{580136B4-A202-470C-86D3-F8F4FB0DD5BC}.Debug|Any CPU.Build.0 = Debug|Any CPU
		{580136B4-A202-470C-86D3-F8F4FB0DD5BC}.Release|Any CPU.ActiveCfg = Release|Any CPU
		{580136B4-A202-470C-86D3-F8F4FB0DD5BC}.Release|Any CPU.Build.0 = Release|Any CPU
	EndGlobalSection
	GlobalSection(SolutionProperties) = preSolution
		HideSolutionNode = FALSE
	EndGlobalSection
	GlobalSection(ExtensibilityGlobals) = postSolution
		SolutionGuid = {9809B4DB-BC9B-48FC-8962-94DC2D887AC7}
	EndGlobalSection
EndGlobal
