
Microsoft Visual Studio Solution File, Format Version 12.00
# Visual Studio Version 17
VisualStudioVersion = 17.8.34525.116
MinimumVisualStudioVersion = 10.0.40219.1
Project("{FAE04EC0-301F-11D3-BF4B-00C04F79EFBC}") = "demoMVCApplication", "demoMVCApplication\demoMVCApplication.csproj", "{6A1243EC-44BB-4AB2-81BF-2928D40CA628}"
EndProject
Global
	GlobalSection(SolutionConfigurationPlatforms) = preSolution
		Debug|Any CPU = Debug|Any CPU
		Release|Any CPU = Release|Any CPU
	EndGlobalSection
	GlobalSection(ProjectConfigurationPlatforms) = postSolution
		{6A1243EC-44BB-4AB2-81BF-2928D40CA628}.Debug|Any CPU.ActiveCfg = Debug|Any CPU
		{6A1243EC-44BB-4AB2-81BF-2928D40CA628}.Debug|Any CPU.Build.0 = Debug|Any CPU
		{6A1243EC-44BB-4AB2-81BF-2928D40CA628}.Release|Any CPU.ActiveCfg = Release|Any CPU
		{6A1243EC-44BB-4AB2-81BF-2928D40CA628}.Release|Any CPU.Build.0 = Release|Any CPU
	EndGlobalSection
	GlobalSection(SolutionProperties) = preSolution
		HideSolutionNode = FALSE
	EndGlobalSection
	GlobalSection(ExtensibilityGlobals) = postSolution
		SolutionGuid = {A8634B36-32B3-452D-B3D8-B40E149A4E1B}
	EndGlobalSection
EndGlobal
