
Microsoft Visual Studio Solution File, Format Version 12.00
# Visual Studio Version 17
VisualStudioVersion = 17.8.34525.116
MinimumVisualStudioVersion = 10.0.40219.1
Project("{FAE04EC0-301F-11D3-BF4B-00C04F79EFBC}") = "api_integration_crud", "api_integration_crud\api_integration_crud.csproj", "{76AEA890-00AE-4E4D-9FCC-E1ACD8D933ED}"
EndProject
Global
	GlobalSection(SolutionConfigurationPlatforms) = preSolution
		Debug|Any CPU = Debug|Any CPU
		Release|Any CPU = Release|Any CPU
	EndGlobalSection
	GlobalSection(ProjectConfigurationPlatforms) = postSolution
		{76AEA890-00AE-4E4D-9FCC-E1ACD8D933ED}.Debug|Any CPU.ActiveCfg = Debug|Any CPU
		{76AEA890-00AE-4E4D-9FCC-E1ACD8D933ED}.Debug|Any CPU.Build.0 = Debug|Any CPU
		{76AEA890-00AE-4E4D-9FCC-E1ACD8D933ED}.Release|Any CPU.ActiveCfg = Release|Any CPU
		{76AEA890-00AE-4E4D-9FCC-E1ACD8D933ED}.Release|Any CPU.Build.0 = Release|Any CPU
	EndGlobalSection
	GlobalSection(SolutionProperties) = preSolution
		HideSolutionNode = FALSE
	EndGlobalSection
	GlobalSection(ExtensibilityGlobals) = postSolution
		SolutionGuid = {B7149D66-7DAE-421E-B243-FC616F990462}
	EndGlobalSection
EndGlobal
