
Microsoft Visual Studio Solution File, Format Version 12.00
# Visual Studio Version 17
VisualStudioVersion = 17.8.34525.116
MinimumVisualStudioVersion = 10.0.40219.1
Project("{FAE04EC0-301F-11D3-BF4B-00C04F79EFBC}") = "QuestionPaperAnswerManagementSystem", "QuestionPaperAnswerManagementSystem\QuestionPaperAnswerManagementSystem.csproj", "{3DDA1DFA-1CAF-4303-974E-069475C306E5}"
EndProject
Global
	GlobalSection(SolutionConfigurationPlatforms) = preSolution
		Debug|Any CPU = Debug|Any CPU
		Release|Any CPU = Release|Any CPU
	EndGlobalSection
	GlobalSection(ProjectConfigurationPlatforms) = postSolution
		{3DDA1DFA-1CAF-4303-974E-069475C306E5}.Debug|Any CPU.ActiveCfg = Debug|Any CPU
		{3DDA1DFA-1CAF-4303-974E-069475C306E5}.Debug|Any CPU.Build.0 = Debug|Any CPU
		{3DDA1DFA-1CAF-4303-974E-069475C306E5}.Release|Any CPU.ActiveCfg = Release|Any CPU
		{3DDA1DFA-1CAF-4303-974E-069475C306E5}.Release|Any CPU.Build.0 = Release|Any CPU
	EndGlobalSection
	GlobalSection(SolutionProperties) = preSolution
		HideSolutionNode = FALSE
	EndGlobalSection
	GlobalSection(ExtensibilityGlobals) = postSolution
		SolutionGuid = {E434155E-4B30-4C04-97A7-186712B75E3E}
	EndGlobalSection
EndGlobal
